
Microsoft Visual Studio Solution File, Format Version 12.00
# Visual Studio 15
VisualStudioVersion = 15.0.27428.1
MinimumVisualStudioVersion = 10.0.40219.1
Project("{FAE04EC0-301F-11D3-BF4B-00C04F79EFBC}") = "WindowsFormsApp4", "WindowsFormsApp4\WindowsFormsApp4.csproj", "{6C5D541C-3257-47DF-93E1-304B7F42DD70}"
EndProject
Global
	GlobalSection(SolutionConfigurationPlatforms) = preSolution
		Debug|Any CPU = Debug|Any CPU
		Release|Any CPU = Release|Any CPU
	EndGlobalSection
	GlobalSection(ProjectConfigurationPlatforms) = postSolution
		{6C5D541C-3257-47DF-93E1-304B7F42DD70}.Debug|Any CPU.ActiveCfg = Debug|Any CPU
		{6C5D541C-3257-47DF-93E1-304B7F42DD70}.Debug|Any CPU.Build.0 = Debug|Any CPU
		{6C5D541C-3257-47DF-93E1-304B7F42DD70}.Release|Any CPU.ActiveCfg = Release|Any CPU
		{6C5D541C-3257-47DF-93E1-304B7F42DD70}.Release|Any CPU.Build.0 = Release|Any CPU
	EndGlobalSection
	GlobalSection(SolutionProperties) = preSolution
		HideSolutionNode = FALSE
	EndGlobalSection
	GlobalSection(ExtensibilityGlobals) = postSolution
		SolutionGuid = {281A4759-DD1A-409E-B0D4-A3A2C78F0561}
	EndGlobalSection
EndGlobal
